
Microsoft Visual Studio Solution File, Format Version 12.00
# Visual Studio Version 16
VisualStudioVersion = 16.0.30621.155
MinimumVisualStudioVersion = 10.0.40219.1
Project("{FAE04EC0-301F-11D3-BF4B-00C04F79EFBC}") = "HotelAPI", "HotelAPI\HotelAPI.csproj", "{B15B430B-4842-430A-BDA4-86D8E4E5AD59}"
EndProject
Project("{FAE04EC0-301F-11D3-BF4B-00C04F79EFBC}") = "HotelAPI.Tests", "HotelAPI.Tests\HotelAPI.Tests.csproj", "{ABA4792C-68DD-42D5-8202-319E9DB77E9F}"
EndProject
Global
	GlobalSection(SolutionConfigurationPlatforms) = preSolution
		Debug|Any CPU = Debug|Any CPU
		Release|Any CPU = Release|Any CPU
	EndGlobalSection
	GlobalSection(ProjectConfigurationPlatforms) = postSolution
		{B15B430B-4842-430A-BDA4-86D8E4E5AD59}.Debug|Any CPU.ActiveCfg = Debug|Any CPU
		{B15B430B-4842-430A-BDA4-86D8E4E5AD59}.Debug|Any CPU.Build.0 = Debug|Any CPU
		{B15B430B-4842-430A-BDA4-86D8E4E5AD59}.Release|Any CPU.ActiveCfg = Release|Any CPU
		{B15B430B-4842-430A-BDA4-86D8E4E5AD59}.Release|Any CPU.Build.0 = Release|Any CPU
		{ABA4792C-68DD-42D5-8202-319E9DB77E9F}.Debug|Any CPU.ActiveCfg = Debug|Any CPU
		{ABA4792C-68DD-42D5-8202-319E9DB77E9F}.Debug|Any CPU.Build.0 = Debug|Any CPU
		{ABA4792C-68DD-42D5-8202-319E9DB77E9F}.Release|Any CPU.ActiveCfg = Release|Any CPU
		{ABA4792C-68DD-42D5-8202-319E9DB77E9F}.Release|Any CPU.Build.0 = Release|Any CPU
	EndGlobalSection
	GlobalSection(SolutionProperties) = preSolution
		HideSolutionNode = FALSE
	EndGlobalSection
	GlobalSection(ExtensibilityGlobals) = postSolution
		SolutionGuid = {18EBE4DC-5B53-4E8C-9601-4677F5B8AE14}
	EndGlobalSection
EndGlobal
